// !$*UTF8*$!
{
	archiveVersion = 1;
	classes = {
	};
	objectVersion = 56;
	objects = {

/* Begin PBXBuildFile section */
		07DB7BF62B93703700DE7536 /* AppDelegate.swift in Sources */ = {isa = PBXBuildFile; fileRef = 07DB7BF52B93703700DE7536 /* AppDelegate.swift */; };
		07DB7BF82B93703700DE7536 /* SceneDelegate.swift in Sources */ = {isa = PBXBuildFile; fileRef = 07DB7BF72B93703700DE7536 /* SceneDelegate.swift */; };
		07DB7BFA2B93703700DE7536 /* MainViewController.swift in Sources */ = {isa = PBXBuildFile; fileRef = 07DB7BF92B93703700DE7536 /* MainViewController.swift */; };
		07DB7BFD2B93703700DE7536 /* Main.storyboard in Resources */ = {isa = PBXBuildFile; fileRef = 07DB7BFB2B93703700DE7536 /* Main.storyboard */; };
		07DB7BFF2B93703900DE7536 /* Assets.xcassets in Resources */ = {isa = PBXBuildFile; fileRef = 07DB7BFE2B93703900DE7536 /* Assets.xcassets */; };
		07DB7C022B93703900DE7536 /* LaunchScreen.storyboard in Resources */ = {isa = PBXBuildFile; fileRef = 07DB7C002B93703900DE7536 /* LaunchScreen.storyboard */; };
		07DB7C112B9396B500DE7536 /* VerticalItemCell.swift in Sources */ = {isa = PBXBuildFile; fileRef = 07DB7C102B9396B500DE7536 /* VerticalItemCell.swift */; };
		07DB7C132B9396D100DE7536 /* HorizontalItemCell.swift in Sources */ = {isa = PBXBuildFile; fileRef = 07DB7C122B9396D100DE7536 /* HorizontalItemCell.swift */; };
		07DB7C152B93A24D00DE7536 /* MainViewModel.swift in Sources */ = {isa = PBXBuildFile; fileRef = 07DB7C142B93A24D00DE7536 /* MainViewModel.swift */; };
		07DB7C172B93D3AD00DE7536 /* VerticalItemModel.swift in Sources */ = {isa = PBXBuildFile; fileRef = 07DB7C162B93D3AD00DE7536 /* VerticalItemModel.swift */; };
		07DB7C192B93D3B500DE7536 /* HorizontalItemModel.swift in Sources */ = {isa = PBXBuildFile; fileRef = 07DB7C182B93D3B500DE7536 /* HorizontalItemModel.swift */; };
/* End PBXBuildFile section */

/* Begin PBXFileReference section */
		07DB7BF22B93703700DE7536 /* OMGTestTask.app */ = {isa = PBXFileReference; explicitFileType = wrapper.application; includeInIndex = 0; path = OMGTestTask.app; sourceTree = BUILT_PRODUCTS_DIR; };
		07DB7BF52B93703700DE7536 /* AppDelegate.swift */ = {isa = PBXFileReference; lastKnownFileType = sourcecode.swift; path = AppDelegate.swift; sourceTree = "<group>"; };
		07DB7BF72B93703700DE7536 /* SceneDelegate.swift */ = {isa = PBXFileReference; lastKnownFileType = sourcecode.swift; path = SceneDelegate.swift; sourceTree = "<group>"; };
		07DB7BF92B93703700DE7536 /* MainViewController.swift */ = {isa = PBXFileReference; lastKnownFileType = sourcecode.swift; path = MainViewController.swift; sourceTree = "<group>"; };
		07DB7BFC2B93703700DE7536 /* Base */ = {isa = PBXFileReference; lastKnownFileType = file.storyboard; name = Base; path = Base.lproj/Main.storyboard; sourceTree = "<group>"; };
		07DB7BFE2B93703900DE7536 /* Assets.xcassets */ = {isa = PBXFileReference; lastKnownFileType = folder.assetcatalog; path = Assets.xcassets; sourceTree = "<group>"; };
		07DB7C012B93703900DE7536 /* Base */ = {isa = PBXFileReference; lastKnownFileType = file.storyboard; name = Base; path = Base.lproj/LaunchScreen.storyboard; sourceTree = "<group>"; };
		07DB7C032B93703900DE7536 /* Info.plist */ = {isa = PBXFileReference; lastKnownFileType = text.plist.xml; path = Info.plist; sourceTree = "<group>"; };
		07DB7C102B9396B500DE7536 /* VerticalItemCell.swift */ = {isa = PBXFileReference; lastKnownFileType = sourcecode.swift; path = VerticalItemCell.swift; sourceTree = "<group>"; };
		07DB7C122B9396D100DE7536 /* HorizontalItemCell.swift */ = {isa = PBXFileReference; lastKnownFileType = sourcecode.swift; path = HorizontalItemCell.swift; sourceTree = "<group>"; };
		07DB7C142B93A24D00DE7536 /* MainViewModel.swift */ = {isa = PBXFileReference; lastKnownFileType = sourcecode.swift; path = MainViewModel.swift; sourceTree = "<group>"; };
		07DB7C162B93D3AD00DE7536 /* VerticalItemModel.swift */ = {isa = PBXFileReference; lastKnownFileType = sourcecode.swift; path = VerticalItemModel.swift; sourceTree = "<group>"; };
		07DB7C182B93D3B500DE7536 /* HorizontalItemModel.swift */ = {isa = PBXFileReference; lastKnownFileType = sourcecode.swift; path = HorizontalItemModel.swift; sourceTree = "<group>"; };
/* End PBXFileReference section */

/* Begin PBXFrameworksBuildPhase section */
		07DB7BEF2B93703700DE7536 /* Frameworks */ = {
			isa = PBXFrameworksBuildPhase;
			buildActionMask = 2147483647;
			files = (
			);
			runOnlyForDeploymentPostprocessing = 0;
		};
/* End PBXFrameworksBuildPhase section */

/* Begin PBXGroup section */
		07DB7BE92B93703700DE7536 = {
			isa = PBXGroup;
			children = (
				07DB7BF42B93703700DE7536 /* OMGTestTask */,
				07DB7BF32B93703700DE7536 /* Products */,
			);
			sourceTree = "<group>";
		};
		07DB7BF32B93703700DE7536 /* Products */ = {
			isa = PBXGroup;
			children = (
				07DB7BF22B93703700DE7536 /* OMGTestTask.app */,
			);
			name = Products;
			sourceTree = "<group>";
		};
		07DB7BF42B93703700DE7536 /* OMGTestTask */ = {
			isa = PBXGroup;
			children = (
				07DB7C0B2B9377D600DE7536 /* View */,
				07DB7C0A2B9377CF00DE7536 /* ViewModel */,
				07DB7C092B9377CA00DE7536 /* Model */,
				07DB7BF52B93703700DE7536 /* AppDelegate.swift */,
				07DB7BF72B93703700DE7536 /* SceneDelegate.swift */,
				07DB7BFB2B93703700DE7536 /* Main.storyboard */,
				07DB7BFE2B93703900DE7536 /* Assets.xcassets */,
				07DB7C002B93703900DE7536 /* LaunchScreen.storyboard */,
				07DB7C032B93703900DE7536 /* Info.plist */,
			);
			path = OMGTestTask;
			sourceTree = "<group>";
		};
		07DB7C092B9377CA00DE7536 /* Model */ = {
			isa = PBXGroup;
			children = (
				07DB7C162B93D3AD00DE7536 /* VerticalItemModel.swift */,
				07DB7C182B93D3B500DE7536 /* HorizontalItemModel.swift */,
			);
			path = Model;
			sourceTree = "<group>";
		};
		07DB7C0A2B9377CF00DE7536 /* ViewModel */ = {
			isa = PBXGroup;
			children = (
				07DB7C142B93A24D00DE7536 /* MainViewModel.swift */,
			);
			path = ViewModel;
			sourceTree = "<group>";
		};
		07DB7C0B2B9377D600DE7536 /* View */ = {
			isa = PBXGroup;
			children = (
				07DB7C0F2B9384CA00DE7536 /* Cells */,
				07DB7BF92B93703700DE7536 /* MainViewController.swift */,
			);
			path = View;
			sourceTree = "<group>";
		};
		07DB7C0F2B9384CA00DE7536 /* Cells */ = {
			isa = PBXGroup;
			children = (
				07DB7C102B9396B500DE7536 /* VerticalItemCell.swift */,
				07DB7C122B9396D100DE7536 /* HorizontalItemCell.swift */,
			);
			path = Cells;
			sourceTree = "<group>";
		};
/* End PBXGroup section */

/* Begin PBXNativeTarget section */
		07DB7BF12B93703700DE7536 /* OMGTestTask */ = {
			isa = PBXNativeTarget;
			buildConfigurationList = 07DB7C062B93703900DE7536 /* Build configuration list for PBXNativeTarget "OMGTestTask" */;
			buildPhases = (
				07DB7BEE2B93703700DE7536 /* Sources */,
				07DB7BEF2B93703700DE7536 /* Frameworks */,
				07DB7BF02B93703700DE7536 /* Resources */,
			);
			buildRules = (
			);
			dependencies = (
			);
			name = OMGTestTask;
			productName = OMGTestTask;
			productReference = 07DB7BF22B93703700DE7536 /* OMGTestTask.app */;
			productType = "com.apple.product-type.application";
		};
/* End PBXNativeTarget section */

/* Begin PBXProject section */
		07DB7BEA2B93703700DE7536 /* Project object */ = {
			isa = PBXProject;
			attributes = {
				BuildIndependentTargetsInParallel = 1;
				LastSwiftUpdateCheck = 1520;
				LastUpgradeCheck = 1520;
				TargetAttributes = {
					07DB7BF12B93703700DE7536 = {
						CreatedOnToolsVersion = 15.2;
					};
				};
			};
			buildConfigurationList = 07DB7BED2B93703700DE7536 /* Build configuration list for PBXProject "OMGTestTask" */;
			compatibilityVersion = "Xcode 14.0";
			developmentRegion = en;
			hasScannedForEncodings = 0;
			knownRegions = (
				en,
				Base,
			);
			mainGroup = 07DB7BE92B93703700DE7536;
			productRefGroup = 07DB7BF32B93703700DE7536 /* Products */;
			projectDirPath = "";
			projectRoot = "";
			targets = (
				07DB7BF12B93703700DE7536 /* OMGTestTask */,
			);
		};
/* End PBXProject section */

/* Begin PBXResourcesBuildPhase section */
		07DB7BF02B93703700DE7536 /* Resources */ = {
			isa = PBXResourcesBuildPhase;
			buildActionMask = 2147483647;
			files = (
				07DB7C022B93703900DE7536 /* LaunchScreen.storyboard in Resources */,
				07DB7BFF2B93703900DE7536 /* Assets.xcassets in Resources */,
				07DB7BFD2B93703700DE7536 /* Main.storyboard in Resources */,
			);
			runOnlyForDeploymentPostprocessing = 0;
		};
/* End PBXResourcesBuildPhase section */

/* Begin PBXSourcesBuildPhase section */
		07DB7BEE2B93703700DE7536 /* Sources */ = {
			isa = PBXSourcesBuildPhase;
			buildActionMask = 2147483647;
			files = (
				07DB7C152B93A24D00DE7536 /* MainViewModel.swift in Sources */,
				07DB7BFA2B93703700DE7536 /* MainViewController.swift in Sources */,
				07DB7BF62B93703700DE7536 /* AppDelegate.swift in Sources */,
				07DB7C172B93D3AD00DE7536 /* VerticalItemModel.swift in Sources */,
				07DB7C192B93D3B500DE7536 /* HorizontalItemModel.swift in Sources */,
				07DB7C112B9396B500DE7536 /* VerticalItemCell.swift in Sources */,
				07DB7BF82B93703700DE7536 /* SceneDelegate.swift in Sources */,
				07DB7C132B9396D100DE7536 /* HorizontalItemCell.swift in Sources */,
			);
			runOnlyForDeploymentPostprocessing = 0;
		};
/* End PBXSourcesBuildPhase section */

/* Begin PBXVariantGroup section */
		07DB7BFB2B93703700DE7536 /* Main.storyboard */ = {
			isa = PBXVariantGroup;
			children = (
				07DB7BFC2B93703700DE7536 /* Base */,
			);
			name = Main.storyboard;
			sourceTree = "<group>";
		};
		07DB7C002B93703900DE7536 /* LaunchScreen.storyboard */ = {
			isa = PBXVariantGroup;
			children = (
				07DB7C012B93703900DE7536 /* Base */,
			);
			name = LaunchScreen.storyboard;
			sourceTree = "<group>";
		};
/* End PBXVariantGroup section */

/* Begin XCBuildConfiguration section */
		07DB7C042B93703900DE7536 /* Debug */ = {
			isa = XCBuildConfiguration;
			buildSettings = {
				ALWAYS_SEARCH_USER_PATHS = NO;
				ASSETCATALOG_COMPILER_GENERATE_SWIFT_ASSET_SYMBOL_EXTENSIONS = YES;
				CLANG_ANALYZER_NONNULL = YES;
				CLANG_ANALYZER_NUMBER_OBJECT_CONVERSION = YES_AGGRESSIVE;
				CLANG_CXX_LANGUAGE_STANDARD = "gnu++20";
				CLANG_ENABLE_MODULES = YES;
				CLANG_ENABLE_OBJC_ARC = YES;
				CLANG_ENABLE_OBJC_WEAK = YES;
				CLANG_WARN_BLOCK_CAPTURE_AUTORELEASING = YES;
				CLANG_WARN_BOOL_CONVERSION = YES;
				CLANG_WARN_COMMA = YES;
				CLANG_WARN_CONSTANT_CONVERSION = YES;
				CLANG_WARN_DEPRECATED_OBJC_IMPLEMENTATIONS = YES;
				CLANG_WARN_DIRECT_OBJC_ISA_USAGE = YES_ERROR;
				CLANG_WARN_DOCUMENTATION_COMMENTS = YES;
				CLANG_WARN_EMPTY_BODY = YES;
				CLANG_WARN_ENUM_CONVERSION = YES;
				CLANG_WARN_INFINITE_RECURSION = YES;
				CLANG_WARN_INT_CONVERSION = YES;
				CLANG_WARN_NON_LITERAL_NULL_CONVERSION = YES;
				CLANG_WARN_OBJC_IMPLICIT_RETAIN_SELF = YES;
				CLANG_WARN_OBJC_LITERAL_CONVERSION = YES;
				CLANG_WARN_OBJC_ROOT_CLASS = YES_ERROR;
				CLANG_WARN_QUOTED_INCLUDE_IN_FRAMEWORK_HEADER = YES;
				CLANG_WARN_RANGE_LOOP_ANALYSIS = YES;
				CLANG_WARN_STRICT_PROTOTYPES = YES;
				CLANG_WARN_SUSPICIOUS_MOVE = YES;
				CLANG_WARN_UNGUARDED_AVAILABILITY = YES_AGGRESSIVE;
				CLANG_WARN_UNREACHABLE_CODE = YES;
				CLANG_WARN__DUPLICATE_METHOD_MATCH = YES;
				COPY_PHASE_STRIP = NO;
				DEBUG_INFORMATION_FORMAT = dwarf;
				ENABLE_STRICT_OBJC_MSGSEND = YES;
				ENABLE_TESTABILITY = YES;
				ENABLE_USER_SCRIPT_SANDBOXING = YES;
				GCC_C_LANGUAGE_STANDARD = gnu17;
				GCC_DYNAMIC_NO_PIC = NO;
				GCC_NO_COMMON_BLOCKS = YES;
				GCC_OPTIMIZATION_LEVEL = 0;
				GCC_PREPROCESSOR_DEFINITIONS = (
					"DEBUG=1",
					"$(inherited)",
				);
				GCC_WARN_64_TO_32_BIT_CONVERSION = YES;
				GCC_WARN_ABOUT_RETURN_TYPE = YES_ERROR;
				GCC_WARN_UNDECLARED_SELECTOR = YES;
				GCC_WARN_UNINITIALIZED_AUTOS = YES_AGGRESSIVE;
				GCC_WARN_UNUSED_FUNCTION = YES;
				GCC_WARN_UNUSED_VARIABLE = YES;
				IPHONEOS_DEPLOYMENT_TARGET = 17.2;
				LOCALIZATION_PREFERS_STRING_CATALOGS = YES;
				MTL_ENABLE_DEBUG_INFO = INCLUDE_SOURCE;
				MTL_FAST_MATH = YES;
				ONLY_ACTIVE_ARCH = YES;
				SDKROOT = iphoneos;
				SWIFT_ACTIVE_COMPILATION_CONDITIONS = "DEBUG $(inherited)";
				SWIFT_OPTIMIZATION_LEVEL = "-Onone";
			};
			name = Debug;
		};
		07DB7C052B93703900DE7536 /* Release */ = {
			isa = XCBuildConfiguration;
			buildSettings = {
				ALWAYS_SEARCH_USER_PATHS = NO;
				ASSETCATALOG_COMPILER_GENERATE_SWIFT_ASSET_SYMBOL_EXTENSIONS = YES;
				CLANG_ANALYZER_NONNULL = YES;
				CLANG_ANALYZER_NUMBER_OBJECT_CONVERSION = YES_AGGRESSIVE;
				CLANG_CXX_LANGUAGE_STANDARD = "gnu++20";
				CLANG_ENABLE_MODULES = YES;
				CLANG_ENABLE_OBJC_ARC = YES;
				CLANG_ENABLE_OBJC_WEAK = YES;
				CLANG_WARN_BLOCK_CAPTURE_AUTORELEASING = YES;
				CLANG_WARN_BOOL_CONVERSION = YES;
				CLANG_WARN_COMMA = YES;
				CLANG_WARN_CONSTANT_CONVERSION = YES;
				CLANG_WARN_DEPRECATED_OBJC_IMPLEMENTATIONS = YES;
				CLANG_WARN_DIRECT_OBJC_ISA_USAGE = YES_ERROR;
				CLANG_WARN_DOCUMENTATION_COMMENTS = YES;
				CLANG_WARN_EMPTY_BODY = YES;
				CLANG_WARN_ENUM_CONVERSION = YES;
				CLANG_WARN_INFINITE_RECURSION = YES;
				CLANG_WARN_INT_CONVERSION = YES;
				CLANG_WARN_NON_LITERAL_NULL_CONVERSION = YES;
				CLANG_WARN_OBJC_IMPLICIT_RETAIN_SELF = YES;
				CLANG_WARN_OBJC_LITERAL_CONVERSION = YES;
				CLANG_WARN_OBJC_ROOT_CLASS = YES_ERROR;
				CLANG_WARN_QUOTED_INCLUDE_IN_FRAMEWORK_HEADER = YES;
				CLANG_WARN_RANGE_LOOP_ANALYSIS = YES;
				CLANG_WARN_STRICT_PROTOTYPES = YES;
				CLANG_WARN_SUSPICIOUS_MOVE = YES;
				CLANG_WARN_UNGUARDED_AVAILABILITY = YES_AGGRESSIVE;
				CLANG_WARN_UNREACHABLE_CODE = YES;
				CLANG_WARN__DUPLICATE_METHOD_MATCH = YES;
				COPY_PHASE_STRIP = NO;
				DEBUG_INFORMATION_FORMAT = "dwarf-with-dsym";
				ENABLE_NS_ASSERTIONS = NO;
				ENABLE_STRICT_OBJC_MSGSEND = YES;
				ENABLE_USER_SCRIPT_SANDBOXING = YES;
				GCC_C_LANGUAGE_STANDARD = gnu17;
				GCC_NO_COMMON_BLOCKS = YES;
				GCC_WARN_64_TO_32_BIT_CONVERSION = YES;
				GCC_WARN_ABOUT_RETURN_TYPE = YES_ERROR;
				GCC_WARN_UNDECLARED_SELECTOR = YES;
				GCC_WARN_UNINITIALIZED_AUTOS = YES_AGGRESSIVE;
				GCC_WARN_UNUSED_FUNCTION = YES;
				GCC_WARN_UNUSED_VARIABLE = YES;
				IPHONEOS_DEPLOYMENT_TARGET = 17.2;
				LOCALIZATION_PREFERS_STRING_CATALOGS = YES;
				MTL_ENABLE_DEBUG_INFO = NO;
				MTL_FAST_MATH = YES;
				SDKROOT = iphoneos;
				SWIFT_COMPILATION_MODE = wholemodule;
				VALIDATE_PRODUCT = YES;
			};
			name = Release;
		};
		07DB7C072B93703900DE7536 /* Debug */ = {
			isa = XCBuildConfiguration;
			buildSettings = {
				ASSETCATALOG_COMPILER_APPICON_NAME = AppIcon;
				ASSETCATALOG_COMPILER_GLOBAL_ACCENT_COLOR_NAME = AccentColor;
				CODE_SIGN_STYLE = Automatic;
				CURRENT_PROJECT_VERSION = 1;
				DEVELOPMENT_TEAM = S2326R9RGX;
				GENERATE_INFOPLIST_FILE = YES;
				INFOPLIST_FILE = OMGTestTask/Info.plist;
				INFOPLIST_KEY_UIApplicationSupportsIndirectInputEvents = YES;
				INFOPLIST_KEY_UILaunchStoryboardName = LaunchScreen;
				INFOPLIST_KEY_UIMainStoryboardFile = Main;
				INFOPLIST_KEY_UISupportedInterfaceOrientations = UIInterfaceOrientationPortrait;
				INFOPLIST_KEY_UISupportedInterfaceOrientations_iPad = "UIInterfaceOrientationLandscapeLeft UIInterfaceOrientationLandscapeRight UIInterfaceOrientationPortrait UIInterfaceOrientationPortraitUpsideDown";
				IPHONEOS_DEPLOYMENT_TARGET = 16.0;
				LD_RUNPATH_SEARCH_PATHS = (
					"$(inherited)",
					"@executable_path/Frameworks",
				);
				MARKETING_VERSION = 1.0;
				PRODUCT_BUNDLE_IDENTIFIER = com.test.OMGTestTask;
				PRODUCT_NAME = "$(TARGET_NAME)";
				SUPPORTED_PLATFORMS = "iphoneos iphonesimulator";
				SUPPORTS_MACCATALYST = NO;
				SUPPORTS_MAC_DESIGNED_FOR_IPHONE_IPAD = NO;
				SUPPORTS_XR_DESIGNED_FOR_IPHONE_IPAD = NO;
				SWIFT_EMIT_LOC_STRINGS = YES;
				SWIFT_VERSION = 5.0;
				TARGETED_DEVICE_FAMILY = 1;
			};
			name = Debug;
		};
		07DB7C082B93703900DE7536 /* Release */ = {
			isa = XCBuildConfiguration;
			buildSettings = {
				ASSETCATALOG_COMPILER_APPICON_NAME = AppIcon;
				ASSETCATALOG_COMPILER_GLOBAL_ACCENT_COLOR_NAME = AccentColor;
				CODE_SIGN_STYLE = Automatic;
				CURRENT_PROJECT_VERSION = 1;
				DEVELOPMENT_TEAM = S2326R9RGX;
				GENERATE_INFOPLIST_FILE = YES;
				INFOPLIST_FILE = OMGTestTask/Info.plist;
				INFOPLIST_KEY_UIApplicationSupportsIndirectInputEvents = YES;
				INFOPLIST_KEY_UILaunchStoryboardName = LaunchScreen;
				INFOPLIST_KEY_UIMainStoryboardFile = Main;
				INFOPLIST_KEY_UISupportedInterfaceOrientations = UIInterfaceOrientationPortrait;
				INFOPLIST_KEY_UISupportedInterfaceOrientations_iPad = "UIInterfaceOrientationLandscapeLeft UIInterfaceOrientationLandscapeRight UIInterfaceOrientationPortrait UIInterfaceOrientationPortraitUpsideDown";
				IPHONEOS_DEPLOYMENT_TARGET = 16.0;
				LD_RUNPATH_SEARCH_PATHS = (
					"$(inherited)",
					"@executable_path/Frameworks",
				);
				MARKETING_VERSION = 1.0;
				PRODUCT_BUNDLE_IDENTIFIER = com.test.OMGTestTask;
				PRODUCT_NAME = "$(TARGET_NAME)";
				SUPPORTED_PLATFORMS = "iphoneos iphonesimulator";
				SUPPORTS_MACCATALYST = NO;
				SUPPORTS_MAC_DESIGNED_FOR_IPHONE_IPAD = NO;
				SUPPORTS_XR_DESIGNED_FOR_IPHONE_IPAD = NO;
				SWIFT_EMIT_LOC_STRINGS = YES;
				SWIFT_VERSION = 5.0;
				TARGETED_DEVICE_FAMILY = 1;
			};
			name = Release;
		};
/* End XCBuildConfiguration section */

/* Begin XCConfigurationList section */
		07DB7BED2B93703700DE7536 /* Build configuration list for PBXProject "OMGTestTask" */ = {
			isa = XCConfigurationList;
			buildConfigurations = (
				07DB7C042B93703900DE7536 /* Debug */,
				07DB7C052B93703900DE7536 /* Release */,
			);
			defaultConfigurationIsVisible = 0;
			defaultConfigurationName = Release;
		};
		07DB7C062B93703900DE7536 /* Build configuration list for PBXNativeTarget "OMGTestTask" */ = {
			isa = XCConfigurationList;
			buildConfigurations = (
				07DB7C072B93703900DE7536 /* Debug */,
				07DB7C082B93703900DE7536 /* Release */,
			);
			defaultConfigurationIsVisible = 0;
			defaultConfigurationName = Release;
		};
/* End XCConfigurationList section */
	};
	rootObject = 07DB7BEA2B93703700DE7536 /* Project object */;
}
